
Microsoft Visual Studio Solution File, Format Version 12.00
Project("{2150E333-8FDC-42A3-9474-1A3956D46DE8}") = "Solution Items", "Solution Items", "{63A4C73F-2501-4982-ACF6-9230AF58DB49}"
	ProjectSection(SolutionItems) = preProject
		docker-compose.yaml = docker-compose.yaml
		.env = .env
	EndProjectSection
EndProject
Project("{FAE04EC0-301F-11D3-BF4B-00C04F79EFBC}") = "Shared", "Shared\Shared.csproj", "{06D995EE-58E0-4D88-B6AB-21BE78EEA9B3}"
EndProject
Project("{FAE04EC0-301F-11D3-BF4B-00C04F79EFBC}") = "CatalogAPI", "CatalogAPI\CatalogAPI.csproj", "{3B6AC936-9002-40F6-A1CE-7DE0E2371C0B}"
EndProject
Project("{FAE04EC0-301F-11D3-BF4B-00C04F79EFBC}") = "OrderingAPI", "OrderingAPI\OrderingAPI.csproj", "{0CFDF91B-095D-4B82-AC00-D058D96007E1}"
EndProject
Project("{FAE04EC0-301F-11D3-BF4B-00C04F79EFBC}") = "GrpcShared", "GrpcShared\GrpcShared.csproj", "{A028E858-52AD-4AB0-8C25-8D98C8D56982}"
EndProject
Project("{FAE04EC0-301F-11D3-BF4B-00C04F79EFBC}") = "IdentityAPI", "IdentityAPI\IdentityAPI.csproj", "{DAE818BB-25B2-405E-8AA9-49FE6D53BEC1}"
EndProject
Project("{FAE04EC0-301F-11D3-BF4B-00C04F79EFBC}") = "Tests", "Tests\Tests.csproj", "{8D9C6A41-CE08-45B1-A4BE-B7A6A2D8015E}"
EndProject
Project("{2150E333-8FDC-42A3-9474-1A3956D46DE8}") = "prompts", "prompts", "{DD32B6B0-8756-47DA-8012-2BB644978EBD}"
	ProjectSection(SolutionItems) = preProject
		prompts\Use for optimization.md = prompts\Use for optimization.md
		prompts\Use for creating query.md = prompts\Use for creating query.md
		prompts\Use for high quality tests.md = prompts\Use for high quality tests.md
		prompts\Use when building command-side use cases.md = prompts\Use when building command-side use cases.md
		prompts\Use for technical docs generation.md = prompts\Use for technical docs generation.md
		prompts\Use when fixing production or logic bugs.md = prompts\Use when fixing production or logic bugs.md
		prompts\Use when auth or security is involved.md = prompts\Use when auth or security is involved.md
		prompts\Use when cleaning code without changing behavior.md = prompts\Use when cleaning code without changing behavior.md
		prompts\Use when adding a new API endpoint.md = prompts\Use when adding a new API endpoint.md
		prompts\Use for GitHub Actions or Docker or K8s tasks.md = prompts\Use for GitHub Actions or Docker or K8s tasks.md
		prompts\Use when you want to add a feature cleanly.md = prompts\Use when you want to add a feature cleanly.md
		prompts\Use for architecture or flow diagrams.md = prompts\Use for architecture or flow diagrams.md
		prompts\Example of prompts to implement a new feature.md = prompts\Example of prompts to implement a new feature.md
	EndProjectSection
EndProject
Project("{2150E333-8FDC-42A3-9474-1A3956D46DE8}") = "docs", "docs", "{5E6C2799-2901-4205-8B22-8D54DD434936}"
	ProjectSection(SolutionItems) = preProject
		docs\architecture.md = docs\architecture.md
		docs\api-standards.md = docs\api-standards.md
		docs\google-login.md = docs\google-login.md
		docs\storage-decision-guidelines.md = docs\storage-decision-guidelines.md
	EndProjectSection
EndProject
Project("{2150E333-8FDC-42A3-9474-1A3956D46DE8}") = "agent_rules", "agent_rules", "{BE85B1BD-0C50-4F27-9E37-BADB681CC168}"
	ProjectSection(SolutionItems) = preProject
		AGENT_RULES.md = AGENT_RULES.md
	EndProjectSection
EndProject
Global
	GlobalSection(SolutionConfigurationPlatforms) = preSolution
		Debug|Any CPU = Debug|Any CPU
		Debug|x64 = Debug|x64
		Debug|x86 = Debug|x86
		Release|Any CPU = Release|Any CPU
		Release|x64 = Release|x64
		Release|x86 = Release|x86
	EndGlobalSection
	GlobalSection(ProjectConfigurationPlatforms) = postSolution
		{06D995EE-58E0-4D88-B6AB-21BE78EEA9B3}.Debug|Any CPU.ActiveCfg = Debug|Any CPU
		{06D995EE-58E0-4D88-B6AB-21BE78EEA9B3}.Debug|Any CPU.Build.0 = Debug|Any CPU
		{06D995EE-58E0-4D88-B6AB-21BE78EEA9B3}.Debug|x64.ActiveCfg = Debug|Any CPU
		{06D995EE-58E0-4D88-B6AB-21BE78EEA9B3}.Debug|x64.Build.0 = Debug|Any CPU
		{06D995EE-58E0-4D88-B6AB-21BE78EEA9B3}.Debug|x86.ActiveCfg = Debug|Any CPU
		{06D995EE-58E0-4D88-B6AB-21BE78EEA9B3}.Debug|x86.Build.0 = Debug|Any CPU
		{06D995EE-58E0-4D88-B6AB-21BE78EEA9B3}.Release|Any CPU.ActiveCfg = Release|Any CPU
		{06D995EE-58E0-4D88-B6AB-21BE78EEA9B3}.Release|Any CPU.Build.0 = Release|Any CPU
		{06D995EE-58E0-4D88-B6AB-21BE78EEA9B3}.Release|x64.ActiveCfg = Release|Any CPU
		{06D995EE-58E0-4D88-B6AB-21BE78EEA9B3}.Release|x64.Build.0 = Release|Any CPU
		{06D995EE-58E0-4D88-B6AB-21BE78EEA9B3}.Release|x86.ActiveCfg = Release|Any CPU
		{06D995EE-58E0-4D88-B6AB-21BE78EEA9B3}.Release|x86.Build.0 = Release|Any CPU
		{3B6AC936-9002-40F6-A1CE-7DE0E2371C0B}.Debug|Any CPU.ActiveCfg = Debug|Any CPU
		{3B6AC936-9002-40F6-A1CE-7DE0E2371C0B}.Debug|Any CPU.Build.0 = Debug|Any CPU
		{3B6AC936-9002-40F6-A1CE-7DE0E2371C0B}.Debug|x64.ActiveCfg = Debug|Any CPU
		{3B6AC936-9002-40F6-A1CE-7DE0E2371C0B}.Debug|x64.Build.0 = Debug|Any CPU
		{3B6AC936-9002-40F6-A1CE-7DE0E2371C0B}.Debug|x86.ActiveCfg = Debug|Any CPU
		{3B6AC936-9002-40F6-A1CE-7DE0E2371C0B}.Debug|x86.Build.0 = Debug|Any CPU
		{3B6AC936-9002-40F6-A1CE-7DE0E2371C0B}.Release|Any CPU.ActiveCfg = Release|Any CPU
		{3B6AC936-9002-40F6-A1CE-7DE0E2371C0B}.Release|Any CPU.Build.0 = Release|Any CPU
		{3B6AC936-9002-40F6-A1CE-7DE0E2371C0B}.Release|x64.ActiveCfg = Release|Any CPU
		{3B6AC936-9002-40F6-A1CE-7DE0E2371C0B}.Release|x64.Build.0 = Release|Any CPU
		{3B6AC936-9002-40F6-A1CE-7DE0E2371C0B}.Release|x86.ActiveCfg = Release|Any CPU
		{3B6AC936-9002-40F6-A1CE-7DE0E2371C0B}.Release|x86.Build.0 = Release|Any CPU
		{0CFDF91B-095D-4B82-AC00-D058D96007E1}.Debug|Any CPU.ActiveCfg = Debug|Any CPU
		{0CFDF91B-095D-4B82-AC00-D058D96007E1}.Debug|Any CPU.Build.0 = Debug|Any CPU
		{0CFDF91B-095D-4B82-AC00-D058D96007E1}.Debug|x64.ActiveCfg = Debug|Any CPU
		{0CFDF91B-095D-4B82-AC00-D058D96007E1}.Debug|x64.Build.0 = Debug|Any CPU
		{0CFDF91B-095D-4B82-AC00-D058D96007E1}.Debug|x86.ActiveCfg = Debug|Any CPU
		{0CFDF91B-095D-4B82-AC00-D058D96007E1}.Debug|x86.Build.0 = Debug|Any CPU
		{0CFDF91B-095D-4B82-AC00-D058D96007E1}.Release|Any CPU.ActiveCfg = Release|Any CPU
		{0CFDF91B-095D-4B82-AC00-D058D96007E1}.Release|Any CPU.Build.0 = Release|Any CPU
		{0CFDF91B-095D-4B82-AC00-D058D96007E1}.Release|x64.ActiveCfg = Release|Any CPU
		{0CFDF91B-095D-4B82-AC00-D058D96007E1}.Release|x64.Build.0 = Release|Any CPU
		{0CFDF91B-095D-4B82-AC00-D058D96007E1}.Release|x86.ActiveCfg = Release|Any CPU
		{0CFDF91B-095D-4B82-AC00-D058D96007E1}.Release|x86.Build.0 = Release|Any CPU
		{A028E858-52AD-4AB0-8C25-8D98C8D56982}.Debug|Any CPU.ActiveCfg = Debug|Any CPU
		{A028E858-52AD-4AB0-8C25-8D98C8D56982}.Debug|Any CPU.Build.0 = Debug|Any CPU
		{A028E858-52AD-4AB0-8C25-8D98C8D56982}.Debug|x64.ActiveCfg = Debug|Any CPU
		{A028E858-52AD-4AB0-8C25-8D98C8D56982}.Debug|x64.Build.0 = Debug|Any CPU
		{A028E858-52AD-4AB0-8C25-8D98C8D56982}.Debug|x86.ActiveCfg = Debug|Any CPU
		{A028E858-52AD-4AB0-8C25-8D98C8D56982}.Debug|x86.Build.0 = Debug|Any CPU
		{A028E858-52AD-4AB0-8C25-8D98C8D56982}.Release|Any CPU.ActiveCfg = Release|Any CPU
		{A028E858-52AD-4AB0-8C25-8D98C8D56982}.Release|Any CPU.Build.0 = Release|Any CPU
		{A028E858-52AD-4AB0-8C25-8D98C8D56982}.Release|x64.ActiveCfg = Release|Any CPU
		{A028E858-52AD-4AB0-8C25-8D98C8D56982}.Release|x64.Build.0 = Release|Any CPU
		{A028E858-52AD-4AB0-8C25-8D98C8D56982}.Release|x86.ActiveCfg = Release|Any CPU
		{A028E858-52AD-4AB0-8C25-8D98C8D56982}.Release|x86.Build.0 = Release|Any CPU
		{DAE818BB-25B2-405E-8AA9-49FE6D53BEC1}.Debug|Any CPU.ActiveCfg = Debug|Any CPU
		{DAE818BB-25B2-405E-8AA9-49FE6D53BEC1}.Debug|Any CPU.Build.0 = Debug|Any CPU
		{DAE818BB-25B2-405E-8AA9-49FE6D53BEC1}.Debug|x64.ActiveCfg = Debug|Any CPU
		{DAE818BB-25B2-405E-8AA9-49FE6D53BEC1}.Debug|x64.Build.0 = Debug|Any CPU
		{DAE818BB-25B2-405E-8AA9-49FE6D53BEC1}.Debug|x86.ActiveCfg = Debug|Any CPU
		{DAE818BB-25B2-405E-8AA9-49FE6D53BEC1}.Debug|x86.Build.0 = Debug|Any CPU
		{DAE818BB-25B2-405E-8AA9-49FE6D53BEC1}.Release|Any CPU.ActiveCfg = Release|Any CPU
		{DAE818BB-25B2-405E-8AA9-49FE6D53BEC1}.Release|Any CPU.Build.0 = Release|Any CPU
		{DAE818BB-25B2-405E-8AA9-49FE6D53BEC1}.Release|x64.ActiveCfg = Release|Any CPU
		{DAE818BB-25B2-405E-8AA9-49FE6D53BEC1}.Release|x64.Build.0 = Release|Any CPU
		{DAE818BB-25B2-405E-8AA9-49FE6D53BEC1}.Release|x86.ActiveCfg = Release|Any CPU
		{DAE818BB-25B2-405E-8AA9-49FE6D53BEC1}.Release|x86.Build.0 = Release|Any CPU
		{8D9C6A41-CE08-45B1-A4BE-B7A6A2D8015E}.Debug|Any CPU.ActiveCfg = Debug|Any CPU
		{8D9C6A41-CE08-45B1-A4BE-B7A6A2D8015E}.Debug|Any CPU.Build.0 = Debug|Any CPU
		{8D9C6A41-CE08-45B1-A4BE-B7A6A2D8015E}.Debug|x64.ActiveCfg = Debug|Any CPU
		{8D9C6A41-CE08-45B1-A4BE-B7A6A2D8015E}.Debug|x64.Build.0 = Debug|Any CPU
		{8D9C6A41-CE08-45B1-A4BE-B7A6A2D8015E}.Debug|x86.ActiveCfg = Debug|Any CPU
		{8D9C6A41-CE08-45B1-A4BE-B7A6A2D8015E}.Debug|x86.Build.0 = Debug|Any CPU
		{8D9C6A41-CE08-45B1-A4BE-B7A6A2D8015E}.Release|Any CPU.ActiveCfg = Release|Any CPU
		{8D9C6A41-CE08-45B1-A4BE-B7A6A2D8015E}.Release|Any CPU.Build.0 = Release|Any CPU
		{8D9C6A41-CE08-45B1-A4BE-B7A6A2D8015E}.Release|x64.ActiveCfg = Release|Any CPU
		{8D9C6A41-CE08-45B1-A4BE-B7A6A2D8015E}.Release|x64.Build.0 = Release|Any CPU
		{8D9C6A41-CE08-45B1-A4BE-B7A6A2D8015E}.Release|x86.ActiveCfg = Release|Any CPU
		{8D9C6A41-CE08-45B1-A4BE-B7A6A2D8015E}.Release|x86.Build.0 = Release|Any CPU
	EndGlobalSection
	GlobalSection(SolutionProperties) = preSolution
		HideSolutionNode = FALSE
	EndGlobalSection
	GlobalSection(NestedProjects) = preSolution
		{DD32B6B0-8756-47DA-8012-2BB644978EBD} = {63A4C73F-2501-4982-ACF6-9230AF58DB49}
		{5E6C2799-2901-4205-8B22-8D54DD434936} = {63A4C73F-2501-4982-ACF6-9230AF58DB49}
		{BE85B1BD-0C50-4F27-9E37-BADB681CC168} = {63A4C73F-2501-4982-ACF6-9230AF58DB49}
	EndGlobalSection
EndGlobal
