
Microsoft Visual Studio Solution File, Format Version 12.00
Project("{2150E333-8FDC-42A3-9474-1A3956D46DE8}") = "Solution Items", "Solution Items", "{63A4C73F-2501-4982-ACF6-9230AF58DB49}"
	ProjectSection(SolutionItems) = preProject
		docker-compose.yaml = docker-compose.yaml
		.env = .env
	EndProjectSection
EndProject
Project("{FAE04EC0-301F-11D3-BF4B-00C04F79EFBC}") = "Shared", "Shared\Shared.csproj", "{06D995EE-58E0-4D88-B6AB-21BE78EEA9B3}"
EndProject
Project("{FAE04EC0-301F-11D3-BF4B-00C04F79EFBC}") = "CatalogAPI", "CatalogAPI\CatalogAPI.csproj", "{3B6AC936-9002-40F6-A1CE-7DE0E2371C0B}"
EndProject
Project("{FAE04EC0-301F-11D3-BF4B-00C04F79EFBC}") = "OrderingAPI", "OrderingAPI\OrderingAPI.csproj", "{0CFDF91B-095D-4B82-AC00-D058D96007E1}"
EndProject
Project("{FAE04EC0-301F-11D3-BF4B-00C04F79EFBC}") = "GrpcShared", "GrpcShared\GrpcShared.csproj", "{A028E858-52AD-4AB0-8C25-8D98C8D56982}"
EndProject
Project("{FAE04EC0-301F-11D3-BF4B-00C04F79EFBC}") = "IdentityAPI", "IdentityAPI\IdentityAPI.csproj", "{DAE818BB-25B2-405E-8AA9-49FE6D53BEC1}"
EndProject
Project("{FAE04EC0-301F-11D3-BF4B-00C04F79EFBC}") = "DDDSample.Tests", "DDDSample.Tests\DDDSample.Tests.csproj", "{8D9C6A41-CE08-45B1-A4BE-B7A6A2D8015E}"
EndProject
Global
	GlobalSection(SolutionConfigurationPlatforms) = preSolution
		Debug|Any CPU = Debug|Any CPU
		Debug|x64 = Debug|x64
		Debug|x86 = Debug|x86
		Release|Any CPU = Release|Any CPU
		Release|x64 = Release|x64
		Release|x86 = Release|x86
	EndGlobalSection
	GlobalSection(ProjectConfigurationPlatforms) = postSolution
		{06D995EE-58E0-4D88-B6AB-21BE78EEA9B3}.Debug|Any CPU.ActiveCfg = Debug|Any CPU
		{06D995EE-58E0-4D88-B6AB-21BE78EEA9B3}.Debug|Any CPU.Build.0 = Debug|Any CPU
		{06D995EE-58E0-4D88-B6AB-21BE78EEA9B3}.Debug|x64.ActiveCfg = Debug|Any CPU
		{06D995EE-58E0-4D88-B6AB-21BE78EEA9B3}.Debug|x64.Build.0 = Debug|Any CPU
		{06D995EE-58E0-4D88-B6AB-21BE78EEA9B3}.Debug|x86.ActiveCfg = Debug|Any CPU
		{06D995EE-58E0-4D88-B6AB-21BE78EEA9B3}.Debug|x86.Build.0 = Debug|Any CPU
		{06D995EE-58E0-4D88-B6AB-21BE78EEA9B3}.Release|Any CPU.ActiveCfg = Release|Any CPU
		{06D995EE-58E0-4D88-B6AB-21BE78EEA9B3}.Release|Any CPU.Build.0 = Release|Any CPU
		{06D995EE-58E0-4D88-B6AB-21BE78EEA9B3}.Release|x64.ActiveCfg = Release|Any CPU
		{06D995EE-58E0-4D88-B6AB-21BE78EEA9B3}.Release|x64.Build.0 = Release|Any CPU
		{06D995EE-58E0-4D88-B6AB-21BE78EEA9B3}.Release|x86.ActiveCfg = Release|Any CPU
		{06D995EE-58E0-4D88-B6AB-21BE78EEA9B3}.Release|x86.Build.0 = Release|Any CPU
		{3B6AC936-9002-40F6-A1CE-7DE0E2371C0B}.Debug|Any CPU.ActiveCfg = Debug|Any CPU
		{3B6AC936-9002-40F6-A1CE-7DE0E2371C0B}.Debug|Any CPU.Build.0 = Debug|Any CPU
		{3B6AC936-9002-40F6-A1CE-7DE0E2371C0B}.Debug|x64.ActiveCfg = Debug|Any CPU
		{3B6AC936-9002-40F6-A1CE-7DE0E2371C0B}.Debug|x64.Build.0 = Debug|Any CPU
		{3B6AC936-9002-40F6-A1CE-7DE0E2371C0B}.Debug|x86.ActiveCfg = Debug|Any CPU
		{3B6AC936-9002-40F6-A1CE-7DE0E2371C0B}.Debug|x86.Build.0 = Debug|Any CPU
		{3B6AC936-9002-40F6-A1CE-7DE0E2371C0B}.Release|Any CPU.ActiveCfg = Release|Any CPU
		{3B6AC936-9002-40F6-A1CE-7DE0E2371C0B}.Release|Any CPU.Build.0 = Release|Any CPU
		{3B6AC936-9002-40F6-A1CE-7DE0E2371C0B}.Release|x64.ActiveCfg = Release|Any CPU
		{3B6AC936-9002-40F6-A1CE-7DE0E2371C0B}.Release|x64.Build.0 = Release|Any CPU
		{3B6AC936-9002-40F6-A1CE-7DE0E2371C0B}.Release|x86.ActiveCfg = Release|Any CPU
		{3B6AC936-9002-40F6-A1CE-7DE0E2371C0B}.Release|x86.Build.0 = Release|Any CPU
		{0CFDF91B-095D-4B82-AC00-D058D96007E1}.Debug|Any CPU.ActiveCfg = Debug|Any CPU
		{0CFDF91B-095D-4B82-AC00-D058D96007E1}.Debug|Any CPU.Build.0 = Debug|Any CPU
		{0CFDF91B-095D-4B82-AC00-D058D96007E1}.Debug|x64.ActiveCfg = Debug|Any CPU
		{0CFDF91B-095D-4B82-AC00-D058D96007E1}.Debug|x64.Build.0 = Debug|Any CPU
		{0CFDF91B-095D-4B82-AC00-D058D96007E1}.Debug|x86.ActiveCfg = Debug|Any CPU
		{0CFDF91B-095D-4B82-AC00-D058D96007E1}.Debug|x86.Build.0 = Debug|Any CPU
		{0CFDF91B-095D-4B82-AC00-D058D96007E1}.Release|Any CPU.ActiveCfg = Release|Any CPU
		{0CFDF91B-095D-4B82-AC00-D058D96007E1}.Release|Any CPU.Build.0 = Release|Any CPU
		{0CFDF91B-095D-4B82-AC00-D058D96007E1}.Release|x64.ActiveCfg = Release|Any CPU
		{0CFDF91B-095D-4B82-AC00-D058D96007E1}.Release|x64.Build.0 = Release|Any CPU
		{0CFDF91B-095D-4B82-AC00-D058D96007E1}.Release|x86.ActiveCfg = Release|Any CPU
		{0CFDF91B-095D-4B82-AC00-D058D96007E1}.Release|x86.Build.0 = Release|Any CPU
		{A028E858-52AD-4AB0-8C25-8D98C8D56982}.Debug|Any CPU.ActiveCfg = Debug|Any CPU
		{A028E858-52AD-4AB0-8C25-8D98C8D56982}.Debug|Any CPU.Build.0 = Debug|Any CPU
		{A028E858-52AD-4AB0-8C25-8D98C8D56982}.Debug|x64.ActiveCfg = Debug|Any CPU
		{A028E858-52AD-4AB0-8C25-8D98C8D56982}.Debug|x64.Build.0 = Debug|Any CPU
		{A028E858-52AD-4AB0-8C25-8D98C8D56982}.Debug|x86.ActiveCfg = Debug|Any CPU
		{A028E858-52AD-4AB0-8C25-8D98C8D56982}.Debug|x86.Build.0 = Debug|Any CPU
		{A028E858-52AD-4AB0-8C25-8D98C8D56982}.Release|Any CPU.ActiveCfg = Release|Any CPU
		{A028E858-52AD-4AB0-8C25-8D98C8D56982}.Release|Any CPU.Build.0 = Release|Any CPU
		{A028E858-52AD-4AB0-8C25-8D98C8D56982}.Release|x64.ActiveCfg = Release|Any CPU
		{A028E858-52AD-4AB0-8C25-8D98C8D56982}.Release|x64.Build.0 = Release|Any CPU
		{A028E858-52AD-4AB0-8C25-8D98C8D56982}.Release|x86.ActiveCfg = Release|Any CPU
		{A028E858-52AD-4AB0-8C25-8D98C8D56982}.Release|x86.Build.0 = Release|Any CPU
		{DAE818BB-25B2-405E-8AA9-49FE6D53BEC1}.Debug|Any CPU.ActiveCfg = Debug|Any CPU
		{DAE818BB-25B2-405E-8AA9-49FE6D53BEC1}.Debug|Any CPU.Build.0 = Debug|Any CPU
		{DAE818BB-25B2-405E-8AA9-49FE6D53BEC1}.Debug|x64.ActiveCfg = Debug|Any CPU
		{DAE818BB-25B2-405E-8AA9-49FE6D53BEC1}.Debug|x64.Build.0 = Debug|Any CPU
		{DAE818BB-25B2-405E-8AA9-49FE6D53BEC1}.Debug|x86.ActiveCfg = Debug|Any CPU
		{DAE818BB-25B2-405E-8AA9-49FE6D53BEC1}.Debug|x86.Build.0 = Debug|Any CPU
		{DAE818BB-25B2-405E-8AA9-49FE6D53BEC1}.Release|Any CPU.ActiveCfg = Release|Any CPU
		{DAE818BB-25B2-405E-8AA9-49FE6D53BEC1}.Release|Any CPU.Build.0 = Release|Any CPU
		{DAE818BB-25B2-405E-8AA9-49FE6D53BEC1}.Release|x64.ActiveCfg = Release|Any CPU
		{DAE818BB-25B2-405E-8AA9-49FE6D53BEC1}.Release|x64.Build.0 = Release|Any CPU
		{DAE818BB-25B2-405E-8AA9-49FE6D53BEC1}.Release|x86.ActiveCfg = Release|Any CPU
		{DAE818BB-25B2-405E-8AA9-49FE6D53BEC1}.Release|x86.Build.0 = Release|Any CPU
		{8D9C6A41-CE08-45B1-A4BE-B7A6A2D8015E}.Debug|Any CPU.ActiveCfg = Debug|Any CPU
		{8D9C6A41-CE08-45B1-A4BE-B7A6A2D8015E}.Debug|Any CPU.Build.0 = Debug|Any CPU
		{8D9C6A41-CE08-45B1-A4BE-B7A6A2D8015E}.Debug|x64.ActiveCfg = Debug|Any CPU
		{8D9C6A41-CE08-45B1-A4BE-B7A6A2D8015E}.Debug|x64.Build.0 = Debug|Any CPU
		{8D9C6A41-CE08-45B1-A4BE-B7A6A2D8015E}.Debug|x86.ActiveCfg = Debug|Any CPU
		{8D9C6A41-CE08-45B1-A4BE-B7A6A2D8015E}.Debug|x86.Build.0 = Debug|Any CPU
		{8D9C6A41-CE08-45B1-A4BE-B7A6A2D8015E}.Release|Any CPU.ActiveCfg = Release|Any CPU
		{8D9C6A41-CE08-45B1-A4BE-B7A6A2D8015E}.Release|Any CPU.Build.0 = Release|Any CPU
		{8D9C6A41-CE08-45B1-A4BE-B7A6A2D8015E}.Release|x64.ActiveCfg = Release|Any CPU
		{8D9C6A41-CE08-45B1-A4BE-B7A6A2D8015E}.Release|x64.Build.0 = Release|Any CPU
		{8D9C6A41-CE08-45B1-A4BE-B7A6A2D8015E}.Release|x86.ActiveCfg = Release|Any CPU
		{8D9C6A41-CE08-45B1-A4BE-B7A6A2D8015E}.Release|x86.Build.0 = Release|Any CPU
	EndGlobalSection
	GlobalSection(SolutionProperties) = preSolution
		HideSolutionNode = FALSE
	EndGlobalSection
EndGlobal
